
Microsoft Visual Studio Solution File, Format Version 12.00
# Visual Studio Version 16
VisualStudioVersion = 16.0.31729.503
MinimumVisualStudioVersion = 10.0.40219.1
Project("{FAE04EC0-301F-11D3-BF4B-00C04F79EFBC}") = "Module3HW1", "Module3HW1\Module3HW1.csproj", "{93510968-F0D4-4F13-8107-7E13A7235306}"
EndProject
Global
	GlobalSection(SolutionConfigurationPlatforms) = preSolution
		Debug|Any CPU = Debug|Any CPU
		Release|Any CPU = Release|Any CPU
	EndGlobalSection
	GlobalSection(ProjectConfigurationPlatforms) = postSolution
		{93510968-F0D4-4F13-8107-7E13A7235306}.Debug|Any CPU.ActiveCfg = Debug|Any CPU
		{93510968-F0D4-4F13-8107-7E13A7235306}.Debug|Any CPU.Build.0 = Debug|Any CPU
		{93510968-F0D4-4F13-8107-7E13A7235306}.Release|Any CPU.ActiveCfg = Release|Any CPU
		{93510968-F0D4-4F13-8107-7E13A7235306}.Release|Any CPU.Build.0 = Release|Any CPU
	EndGlobalSection
	GlobalSection(SolutionProperties) = preSolution
		HideSolutionNode = FALSE
	EndGlobalSection
	GlobalSection(ExtensibilityGlobals) = postSolution
		SolutionGuid = {AF30FFC0-C999-47DD-9DD5-F5698C7D60AC}
	EndGlobalSection
EndGlobal
